// !$*UTF8*$!
{
	archiveVersion = 1;
	classes = {
	};
	objectVersion = 46;
	objects = {

/* Begin PBXBuildFile section */
		8BDB01A91BD5EDC500715A94 /* AppDelegate.swift in Sources */ = {isa = PBXBuildFile; fileRef = 8BDB01A81BD5EDC500715A94 /* AppDelegate.swift */; };
		8BDB01AB1BD5EDC500715A94 /* ViewController.swift in Sources */ = {isa = PBXBuildFile; fileRef = 8BDB01AA1BD5EDC500715A94 /* ViewController.swift */; };
		8BDB01AE1BD5EDC500715A94 /* Main.storyboard in Resources */ = {isa = PBXBuildFile; fileRef = 8BDB01AC1BD5EDC500715A94 /* Main.storyboard */; };
		8BDB01B01BD5EDC500715A94 /* Images.xcassets in Resources */ = {isa = PBXBuildFile; fileRef = 8BDB01AF1BD5EDC500715A94 /* Images.xcassets */; };
		8BDB01B31BD5EDC500715A94 /* LaunchScreen.xib in Resources */ = {isa = PBXBuildFile; fileRef = 8BDB01B11BD5EDC500715A94 /* LaunchScreen.xib */; };
		8BDB01BF1BD5EDC500715A94 /* TipCalculatorTests.swift in Sources */ = {isa = PBXBuildFile; fileRef = 8BDB01BE1BD5EDC500715A94 /* TipCalculatorTests.swift */; };
/* End PBXBuildFile section */

/* Begin PBXContainerItemProxy section */
		8BDB01B91BD5EDC500715A94 /* PBXContainerItemProxy */ = {
			isa = PBXContainerItemProxy;
			containerPortal = 8BDB019B1BD5EDC500715A94 /* Project object */;
			proxyType = 1;
			remoteGlobalIDString = 8BDB01A21BD5EDC500715A94;
			remoteInfo = TipCalculator;
		};
/* End PBXContainerItemProxy section */

/* Begin PBXFileReference section */
		8BDB01A31BD5EDC500715A94 /* TipCalculator.app */ = {isa = PBXFileReference; explicitFileType = wrapper.application; includeInIndex = 0; path = TipCalculator.app; sourceTree = BUILT_PRODUCTS_DIR; };
		8BDB01A71BD5EDC500715A94 /* Info.plist */ = {isa = PBXFileReference; lastKnownFileType = text.plist.xml; path = Info.plist; sourceTree = "<group>"; };
		8BDB01A81BD5EDC500715A94 /* AppDelegate.swift */ = {isa = PBXFileReference; lastKnownFileType = sourcecode.swift; path = AppDelegate.swift; sourceTree = "<group>"; };
		8BDB01AA1BD5EDC500715A94 /* ViewController.swift */ = {isa = PBXFileReference; lastKnownFileType = sourcecode.swift; path = ViewController.swift; sourceTree = "<group>"; };
		8BDB01AD1BD5EDC500715A94 /* Base */ = {isa = PBXFileReference; lastKnownFileType = file.storyboard; name = Base; path = Base.lproj/Main.storyboard; sourceTree = "<group>"; };
		8BDB01AF1BD5EDC500715A94 /* Images.xcassets */ = {isa = PBXFileReference; lastKnownFileType = folder.assetcatalog; path = Images.xcassets; sourceTree = "<group>"; };
		8BDB01B21BD5EDC500715A94 /* Base */ = {isa = PBXFileReference; lastKnownFileType = file.xib; name = Base; path = Base.lproj/LaunchScreen.xib; sourceTree = "<group>"; };
		8BDB01B81BD5EDC500715A94 /* TipCalculatorTests.xctest */ = {isa = PBXFileReference; explicitFileType = wrapper.cfbundle; includeInIndex = 0; path = TipCalculatorTests.xctest; sourceTree = BUILT_PRODUCTS_DIR; };
		8BDB01BD1BD5EDC500715A94 /* Info.plist */ = {isa = PBXFileReference; lastKnownFileType = text.plist.xml; path = Info.plist; sourceTree = "<group>"; };
		8BDB01BE1BD5EDC500715A94 /* TipCalculatorTests.swift */ = {isa = PBXFileReference; lastKnownFileType = sourcecode.swift; path = TipCalculatorTests.swift; sourceTree = "<group>"; };
/* End PBXFileReference section */

/* Begin PBXFrameworksBuildPhase section */
		8BDB01A01BD5EDC500715A94 /* Frameworks */ = {
			isa = PBXFrameworksBuildPhase;
			buildActionMask = 2147483647;
			files = (
			);
			runOnlyForDeploymentPostprocessing = 0;
		};
		8BDB01B51BD5EDC500715A94 /* Frameworks */ = {
			isa = PBXFrameworksBuildPhase;
			buildActionMask = 2147483647;
			files = (
			);
			runOnlyForDeploymentPostprocessing = 0;
		};
/* End PBXFrameworksBuildPhase section */

/* Begin PBXGroup section */
		8BDB019A1BD5EDC500715A94 = {
			isa = PBXGroup;
			children = (
				8BDB01A51BD5EDC500715A94 /* TipCalculator */,
				8BDB01BB1BD5EDC500715A94 /* TipCalculatorTests */,
				8BDB01A41BD5EDC500715A94 /* Products */,
			);
			sourceTree = "<group>";
		};
		8BDB01A41BD5EDC500715A94 /* Products */ = {
			isa = PBXGroup;
			children = (
				8BDB01A31BD5EDC500715A94 /* TipCalculator.app */,
				8BDB01B81BD5EDC500715A94 /* TipCalculatorTests.xctest */,
			);
			name = Products;
			sourceTree = "<group>";
		};
		8BDB01A51BD5EDC500715A94 /* TipCalculator */ = {
			isa = PBXGroup;
			children = (
				8BDB01A81BD5EDC500715A94 /* AppDelegate.swift */,
				8BDB01AA1BD5EDC500715A94 /* ViewController.swift */,
				8BDB01AC1BD5EDC500715A94 /* Main.storyboard */,
				8BDB01AF1BD5EDC500715A94 /* Images.xcassets */,
				8BDB01B11BD5EDC500715A94 /* LaunchScreen.xib */,
				8BDB01A61BD5EDC500715A94 /* Supporting Files */,
			);
			path = TipCalculator;
			sourceTree = "<group>";
		};
		8BDB01A61BD5EDC500715A94 /* Supporting Files */ = {
			isa = PBXGroup;
			children = (
				8BDB01A71BD5EDC500715A94 /* Info.plist */,
			);
			name = "Supporting Files";
			sourceTree = "<group>";
		};
		8BDB01BB1BD5EDC500715A94 /* TipCalculatorTests */ = {
			isa = PBXGroup;
			children = (
				8BDB01BE1BD5EDC500715A94 /* TipCalculatorTests.swift */,
				8BDB01BC1BD5EDC500715A94 /* Supporting Files */,
			);
			path = TipCalculatorTests;
			sourceTree = "<group>";
		};
		8BDB01BC1BD5EDC500715A94 /* Supporting Files */ = {
			isa = PBXGroup;
			children = (
				8BDB01BD1BD5EDC500715A94 /* Info.plist */,
			);
			name = "Supporting Files";
			sourceTree = "<group>";
		};
/* End PBXGroup section */

/* Begin PBXNativeTarget section */
		8BDB01A21BD5EDC500715A94 /* TipCalculator */ = {
			isa = PBXNativeTarget;
			buildConfigurationList = 8BDB01C21BD5EDC500715A94 /* Build configuration list for PBXNativeTarget "TipCalculator" */;
			buildPhases = (
				8BDB019F1BD5EDC500715A94 /* Sources */,
				8BDB01A01BD5EDC500715A94 /* Frameworks */,
				8BDB01A11BD5EDC500715A94 /* Resources */,
			);
			buildRules = (
			);
			dependencies = (
			);
			name = TipCalculator;
			productName = TipCalculator;
			productReference = 8BDB01A31BD5EDC500715A94 /* TipCalculator.app */;
			productType = "com.apple.product-type.application";
		};
		8BDB01B71BD5EDC500715A94 /* TipCalculatorTests */ = {
			isa = PBXNativeTarget;
			buildConfigurationList = 8BDB01C51BD5EDC500715A94 /* Build configuration list for PBXNativeTarget "TipCalculatorTests" */;
			buildPhases = (
				8BDB01B41BD5EDC500715A94 /* Sources */,
				8BDB01B51BD5EDC500715A94 /* Frameworks */,
				8BDB01B61BD5EDC500715A94 /* Resources */,
			);
			buildRules = (
			);
			dependencies = (
				8BDB01BA1BD5EDC500715A94 /* PBXTargetDependency */,
			);
			name = TipCalculatorTests;
			productName = TipCalculatorTests;
			productReference = 8BDB01B81BD5EDC500715A94 /* TipCalculatorTests.xctest */;
			productType = "com.apple.product-type.bundle.unit-test";
		};
/* End PBXNativeTarget section */

/* Begin PBXProject section */
		8BDB019B1BD5EDC500715A94 /* Project object */ = {
			isa = PBXProject;
			attributes = {
				LastUpgradeCheck = 0640;
				ORGANIZATIONNAME = intotheweb101;
				TargetAttributes = {
					8BDB01A21BD5EDC500715A94 = {
						CreatedOnToolsVersion = 6.4;
					};
					8BDB01B71BD5EDC500715A94 = {
						CreatedOnToolsVersion = 6.4;
						TestTargetID = 8BDB01A21BD5EDC500715A94;
					};
				};
			};
			buildConfigurationList = 8BDB019E1BD5EDC500715A94 /* Build configuration list for PBXProject "TipCalculator" */;
			compatibilityVersion = "Xcode 3.2";
			developmentRegion = English;
			hasScannedForEncodings = 0;
			knownRegions = (
				en,
				Base,
			);
			mainGroup = 8BDB019A1BD5EDC500715A94;
			productRefGroup = 8BDB01A41BD5EDC500715A94 /* Products */;
			projectDirPath = "";
			projectRoot = "";
			targets = (
				8BDB01A21BD5EDC500715A94 /* TipCalculator */,
				8BDB01B71BD5EDC500715A94 /* TipCalculatorTests */,
			);
		};
/* End PBXProject section */

/* Begin PBXResourcesBuildPhase section */
		8BDB01A11BD5EDC500715A94 /* Resources */ = {
			isa = PBXResourcesBuildPhase;
			buildActionMask = 2147483647;
			files = (
				8BDB01AE1BD5EDC500715A94 /* Main.storyboard in Resources */,
				8BDB01B31BD5EDC500715A94 /* LaunchScreen.xib in Resources */,
				8BDB01B01BD5EDC500715A94 /* Images.xcassets in Resources */,
			);
			runOnlyForDeploymentPostprocessing = 0;
		};
		8BDB01B61BD5EDC500715A94 /* Resources */ = {
			isa = PBXResourcesBuildPhase;
			buildActionMask = 2147483647;
			files = (
			);
			runOnlyForDeploymentPostprocessing = 0;
		};
/* End PBXResourcesBuildPhase section */

/* Begin PBXSourcesBuildPhase section */
		8BDB019F1BD5EDC500715A94 /* Sources */ = {
			isa = PBXSourcesBuildPhase;
			buildActionMask = 2147483647;
			files = (
				8BDB01AB1BD5EDC500715A94 /* ViewController.swift in Sources */,
				8BDB01A91BD5EDC500715A94 /* AppDelegate.swift in Sources */,
			);
			runOnlyForDeploymentPostprocessing = 0;
		};
		8BDB01B41BD5EDC500715A94 /* Sources */ = {
			isa = PBXSourcesBuildPhase;
			buildActionMask = 2147483647;
			files = (
				8BDB01BF1BD5EDC500715A94 /* TipCalculatorTests.swift in Sources */,
			);
			runOnlyForDeploymentPostprocessing = 0;
		};
/* End PBXSourcesBuildPhase section */

/* Begin PBXTargetDependency section */
		8BDB01BA1BD5EDC500715A94 /* PBXTargetDependency */ = {
			isa = PBXTargetDependency;
			target = 8BDB01A21BD5EDC500715A94 /* TipCalculator */;
			targetProxy = 8BDB01B91BD5EDC500715A94 /* PBXContainerItemProxy */;
		};
/* End PBXTargetDependency section */

/* Begin PBXVariantGroup section */
		8BDB01AC1BD5EDC500715A94 /* Main.storyboard */ = {
			isa = PBXVariantGroup;
			children = (
				8BDB01AD1BD5EDC500715A94 /* Base */,
			);
			name = Main.storyboard;
			sourceTree = "<group>";
		};
		8BDB01B11BD5EDC500715A94 /* LaunchScreen.xib */ = {
			isa = PBXVariantGroup;
			children = (
				8BDB01B21BD5EDC500715A94 /* Base */,
			);
			name = LaunchScreen.xib;
			sourceTree = "<group>";
		};
/* End PBXVariantGroup section */

/* Begin XCBuildConfiguration section */
		8BDB01C01BD5EDC500715A94 /* Debug */ = {
			isa = XCBuildConfiguration;
			buildSettings = {
				ALWAYS_SEARCH_USER_PATHS = NO;
				CLANG_CXX_LANGUAGE_STANDARD = "gnu++0x";
				CLANG_CXX_LIBRARY = "libc++";
				CLANG_ENABLE_MODULES = YES;
				CLANG_ENABLE_OBJC_ARC = YES;
				CLANG_WARN_BOOL_CONVERSION = YES;
				CLANG_WARN_CONSTANT_CONVERSION = YES;
				CLANG_WARN_DIRECT_OBJC_ISA_USAGE = YES_ERROR;
				CLANG_WARN_EMPTY_BODY = YES;
				CLANG_WARN_ENUM_CONVERSION = YES;
				CLANG_WARN_INT_CONVERSION = YES;
				CLANG_WARN_OBJC_ROOT_CLASS = YES_ERROR;
				CLANG_WARN_UNREACHABLE_CODE = YES;
				CLANG_WARN__DUPLICATE_METHOD_MATCH = YES;
				"CODE_SIGN_IDENTITY[sdk=iphoneos*]" = "iPhone Developer";
				COPY_PHASE_STRIP = NO;
				DEBUG_INFORMATION_FORMAT = "dwarf-with-dsym";
				ENABLE_STRICT_OBJC_MSGSEND = YES;
				GCC_C_LANGUAGE_STANDARD = gnu99;
				GCC_DYNAMIC_NO_PIC = NO;
				GCC_NO_COMMON_BLOCKS = YES;
				GCC_OPTIMIZATION_LEVEL = 0;
				GCC_PREPROCESSOR_DEFINITIONS = (
					"DEBUG=1",
					"$(inherited)",
				);
				GCC_SYMBOLS_PRIVATE_EXTERN = NO;
				GCC_WARN_64_TO_32_BIT_CONVERSION = YES;
				GCC_WARN_ABOUT_RETURN_TYPE = YES_ERROR;
				GCC_WARN_UNDECLARED_SELECTOR = YES;
				GCC_WARN_UNINITIALIZED_AUTOS = YES_AGGRESSIVE;
				GCC_WARN_UNUSED_FUNCTION = YES;
				GCC_WARN_UNUSED_VARIABLE = YES;
				IPHONEOS_DEPLOYMENT_TARGET = 8.4;
				MTL_ENABLE_DEBUG_INFO = YES;
				ONLY_ACTIVE_ARCH = YES;
				SDKROOT = iphoneos;
				SWIFT_OPTIMIZATION_LEVEL = "-Onone";
			};
			name = Debug;
		};
		8BDB01C11BD5EDC500715A94 /* Release */ = {
			isa = XCBuildConfiguration;
			buildSettings = {
				ALWAYS_SEARCH_USER_PATHS = NO;
				CLANG_CXX_LANGUAGE_STANDARD = "gnu++0x";
				CLANG_CXX_LIBRARY = "libc++";
				CLANG_ENABLE_MODULES = YES;
				CLANG_ENABLE_OBJC_ARC = YES;
				CLANG_WARN_BOOL_CONVERSION = YES;
				CLANG_WARN_CONSTANT_CONVERSION = YES;
				CLANG_WARN_DIRECT_OBJC_ISA_USAGE = YES_ERROR;
				CLANG_WARN_EMPTY_BODY = YES;
				CLANG_WARN_ENUM_CONVERSION = YES;
				CLANG_WARN_INT_CONVERSION = YES;
				CLANG_WARN_OBJC_ROOT_CLASS = YES_ERROR;
				CLANG_WARN_UNREACHABLE_CODE = YES;
				CLANG_WARN__DUPLICATE_METHOD_MATCH = YES;
				"CODE_SIGN_IDENTITY[sdk=iphoneos*]" = "iPhone Developer";
				COPY_PHASE_STRIP = NO;
				DEBUG_INFORMATION_FORMAT = "dwarf-with-dsym";
				ENABLE_NS_ASSERTIONS = NO;
				ENABLE_STRICT_OBJC_MSGSEND = YES;
				GCC_C_LANGUAGE_STANDARD = gnu99;
				GCC_NO_COMMON_BLOCKS = YES;
				GCC_WARN_64_TO_32_BIT_CONVERSION = YES;
				GCC_WARN_ABOUT_RETURN_TYPE = YES_ERROR;
				GCC_WARN_UNDECLARED_SELECTOR = YES;
				GCC_WARN_UNINITIALIZED_AUTOS = YES_AGGRESSIVE;
				GCC_WARN_UNUSED_FUNCTION = YES;
				GCC_WARN_UNUSED_VARIABLE = YES;
				IPHONEOS_DEPLOYMENT_TARGET = 8.4;
				MTL_ENABLE_DEBUG_INFO = NO;
				SDKROOT = iphoneos;
				VALIDATE_PRODUCT = YES;
			};
			name = Release;
		};
		8BDB01C31BD5EDC500715A94 /* Debug */ = {
			isa = XCBuildConfiguration;
			buildSettings = {
				ASSETCATALOG_COMPILER_APPICON_NAME = AppIcon;
				INFOPLIST_FILE = TipCalculator/Info.plist;
				LD_RUNPATH_SEARCH_PATHS = "$(inherited) @executable_path/Frameworks";
				PRODUCT_NAME = "$(TARGET_NAME)";
			};
			name = Debug;
		};
		8BDB01C41BD5EDC500715A94 /* Release */ = {
			isa = XCBuildConfiguration;
			buildSettings = {
				ASSETCATALOG_COMPILER_APPICON_NAME = AppIcon;
				INFOPLIST_FILE = TipCalculator/Info.plist;
				LD_RUNPATH_SEARCH_PATHS = "$(inherited) @executable_path/Frameworks";
				PRODUCT_NAME = "$(TARGET_NAME)";
			};
			name = Release;
		};
		8BDB01C61BD5EDC500715A94 /* Debug */ = {
			isa = XCBuildConfiguration;
			buildSettings = {
				BUNDLE_LOADER = "$(TEST_HOST)";
				FRAMEWORK_SEARCH_PATHS = (
					"$(SDKROOT)/Developer/Library/Frameworks",
					"$(inherited)",
				);
				GCC_PREPROCESSOR_DEFINITIONS = (
					"DEBUG=1",
					"$(inherited)",
				);
				INFOPLIST_FILE = TipCalculatorTests/Info.plist;
				LD_RUNPATH_SEARCH_PATHS = "$(inherited) @executable_path/Frameworks @loader_path/Frameworks";
				PRODUCT_NAME = "$(TARGET_NAME)";
				TEST_HOST = "$(BUILT_PRODUCTS_DIR)/TipCalculator.app/TipCalculator";
			};
			name = Debug;
		};
		8BDB01C71BD5EDC500715A94 /* Release */ = {
			isa = XCBuildConfiguration;
			buildSettings = {
				BUNDLE_LOADER = "$(TEST_HOST)";
				FRAMEWORK_SEARCH_PATHS = (
					"$(SDKROOT)/Developer/Library/Frameworks",
					"$(inherited)",
				);
				INFOPLIST_FILE = TipCalculatorTests/Info.plist;
				LD_RUNPATH_SEARCH_PATHS = "$(inherited) @executable_path/Frameworks @loader_path/Frameworks";
				PRODUCT_NAME = "$(TARGET_NAME)";
				TEST_HOST = "$(BUILT_PRODUCTS_DIR)/TipCalculator.app/TipCalculator";
			};
			name = Release;
		};
/* End XCBuildConfiguration section */

/* Begin XCConfigurationList section */
		8BDB019E1BD5EDC500715A94 /* Build configuration list for PBXProject "TipCalculator" */ = {
			isa = XCConfigurationList;
			buildConfigurations = (
				8BDB01C01BD5EDC500715A94 /* Debug */,
				8BDB01C11BD5EDC500715A94 /* Release */,
			);
			defaultConfigurationIsVisible = 0;
			defaultConfigurationName = Release;
		};
		8BDB01C21BD5EDC500715A94 /* Build configuration list for PBXNativeTarget "TipCalculator" */ = {
			isa = XCConfigurationList;
			buildConfigurations = (
				8BDB01C31BD5EDC500715A94 /* Debug */,
				8BDB01C41BD5EDC500715A94 /* Release */,
			);
			defaultConfigurationIsVisible = 0;
		};
		8BDB01C51BD5EDC500715A94 /* Build configuration list for PBXNativeTarget "TipCalculatorTests" */ = {
			isa = XCConfigurationList;
			buildConfigurations = (
				8BDB01C61BD5EDC500715A94 /* Debug */,
				8BDB01C71BD5EDC500715A94 /* Release */,
			);
			defaultConfigurationIsVisible = 0;
		};
/* End XCConfigurationList section */
	};
	rootObject = 8BDB019B1BD5EDC500715A94 /* Project object */;
}
